
Microsoft Visual Studio Solution File, Format Version 12.00
# Visual Studio Version 17
VisualStudioVersion = 17.2.32630.192
MinimumVisualStudioVersion = 10.0.40219.1
Project("{FAE04EC0-301F-11D3-BF4B-00C04F79EFBC}") = "hwlab5ArraysProp", "hwlab5ArraysProp.csproj", "{381F10B1-9DE9-4D55-ADD5-1B197EF52B2B}"
EndProject
Global
	GlobalSection(SolutionConfigurationPlatforms) = preSolution
		Debug|Any CPU = Debug|Any CPU
		Release|Any CPU = Release|Any CPU
	EndGlobalSection
	GlobalSection(ProjectConfigurationPlatforms) = postSolution
		{381F10B1-9DE9-4D55-ADD5-1B197EF52B2B}.Debug|Any CPU.ActiveCfg = Debug|Any CPU
		{381F10B1-9DE9-4D55-ADD5-1B197EF52B2B}.Debug|Any CPU.Build.0 = Debug|Any CPU
		{381F10B1-9DE9-4D55-ADD5-1B197EF52B2B}.Release|Any CPU.ActiveCfg = Release|Any CPU
		{381F10B1-9DE9-4D55-ADD5-1B197EF52B2B}.Release|Any CPU.Build.0 = Release|Any CPU
	EndGlobalSection
	GlobalSection(SolutionProperties) = preSolution
		HideSolutionNode = FALSE
	EndGlobalSection
	GlobalSection(ExtensibilityGlobals) = postSolution
		SolutionGuid = {55729AA3-1309-43C8-B800-10E436B4D425}
	EndGlobalSection
EndGlobal
